// !$*UTF8*$!
{
	archiveVersion = 1;
	classes = {
	};
	objectVersion = 46;
	objects = {

/* Begin PBXBuildFile section */
		E72278311C7D7D3700E37AB1 /* TableViewController.swift in Sources */ = {isa = PBXBuildFile; fileRef = E72278301C7D7D3700E37AB1 /* TableViewController.swift */; };
		E72278351C7D86EC00E37AB1 /* DataTransfer.swift in Sources */ = {isa = PBXBuildFile; fileRef = E72278341C7D86EC00E37AB1 /* DataTransfer.swift */; };
		E72278361C7D86EC00E37AB1 /* DataTransfer.swift in Sources */ = {isa = PBXBuildFile; fileRef = E72278341C7D86EC00E37AB1 /* DataTransfer.swift */; };
		E738CC221C8680930011DD33 /* Connection.swift in Sources */ = {isa = PBXBuildFile; fileRef = E7865E1E1C7C47FC00B88FD5 /* Connection.swift */; };
		E7865DE81C7C44FB00B88FD5 /* AppDelegate.swift in Sources */ = {isa = PBXBuildFile; fileRef = E7865DE71C7C44FB00B88FD5 /* AppDelegate.swift */; };
		E7865DEA1C7C44FB00B88FD5 /* ViewController.swift in Sources */ = {isa = PBXBuildFile; fileRef = E7865DE91C7C44FB00B88FD5 /* ViewController.swift */; };
		E7865DED1C7C44FB00B88FD5 /* Main.storyboard in Resources */ = {isa = PBXBuildFile; fileRef = E7865DEB1C7C44FB00B88FD5 /* Main.storyboard */; };
		E7865DEF1C7C44FB00B88FD5 /* Assets.xcassets in Resources */ = {isa = PBXBuildFile; fileRef = E7865DEE1C7C44FB00B88FD5 /* Assets.xcassets */; };
		E7865DF21C7C44FB00B88FD5 /* LaunchScreen.storyboard in Resources */ = {isa = PBXBuildFile; fileRef = E7865DF01C7C44FB00B88FD5 /* LaunchScreen.storyboard */; };
		E7865DF71C7C44FB00B88FD5 /* WatchKitUtils WatchKit App.app in Embed Watch Content */ = {isa = PBXBuildFile; fileRef = E7865DF61C7C44FB00B88FD5 /* WatchKitUtils WatchKit App.app */; };
		E7865DFD1C7C44FB00B88FD5 /* Interface.storyboard in Resources */ = {isa = PBXBuildFile; fileRef = E7865DFB1C7C44FB00B88FD5 /* Interface.storyboard */; };
		E7865DFF1C7C44FB00B88FD5 /* Assets.xcassets in Resources */ = {isa = PBXBuildFile; fileRef = E7865DFE1C7C44FB00B88FD5 /* Assets.xcassets */; };
		E7865E061C7C44FB00B88FD5 /* WatchKitUtils WatchKit Extension.appex in Embed App Extensions */ = {isa = PBXBuildFile; fileRef = E7865E051C7C44FB00B88FD5 /* WatchKitUtils WatchKit Extension.appex */; settings = {ATTRIBUTES = (RemoveHeadersOnCopy, ); }; };
		E7865E0B1C7C44FB00B88FD5 /* InterfaceController.swift in Sources */ = {isa = PBXBuildFile; fileRef = E7865E0A1C7C44FB00B88FD5 /* InterfaceController.swift */; };
		E7865E0D1C7C44FB00B88FD5 /* ExtensionDelegate.swift in Sources */ = {isa = PBXBuildFile; fileRef = E7865E0C1C7C44FB00B88FD5 /* ExtensionDelegate.swift */; };
		E7865E0F1C7C44FB00B88FD5 /* Assets.xcassets in Resources */ = {isa = PBXBuildFile; fileRef = E7865E0E1C7C44FB00B88FD5 /* Assets.xcassets */; };
		E7865E1F1C7C47FC00B88FD5 /* Connection.swift in Sources */ = {isa = PBXBuildFile; fileRef = E7865E1E1C7C47FC00B88FD5 /* Connection.swift */; };
		E7AF92CF1C86914C00CD8A30 /* README.md in Sources */ = {isa = PBXBuildFile; fileRef = E7AF92CE1C86914C00CD8A30 /* README.md */; };
/* End PBXBuildFile section */

/* Begin PBXContainerItemProxy section */
		E7865DF81C7C44FB00B88FD5 /* PBXContainerItemProxy */ = {
			isa = PBXContainerItemProxy;
			containerPortal = E7865DDC1C7C44FB00B88FD5 /* Project object */;
			proxyType = 1;
			remoteGlobalIDString = E7865DF51C7C44FB00B88FD5;
			remoteInfo = "WatchKitUtils WatchKit App";
		};
		E7865E071C7C44FB00B88FD5 /* PBXContainerItemProxy */ = {
			isa = PBXContainerItemProxy;
			containerPortal = E7865DDC1C7C44FB00B88FD5 /* Project object */;
			proxyType = 1;
			remoteGlobalIDString = E7865E041C7C44FB00B88FD5;
			remoteInfo = "WatchKitUtils WatchKit Extension";
		};
/* End PBXContainerItemProxy section */

/* Begin PBXCopyFilesBuildPhase section */
		E7865E161C7C44FB00B88FD5 /* Embed App Extensions */ = {
			isa = PBXCopyFilesBuildPhase;
			buildActionMask = 2147483647;
			dstPath = "";
			dstSubfolderSpec = 13;
			files = (
				E7865E061C7C44FB00B88FD5 /* WatchKitUtils WatchKit Extension.appex in Embed App Extensions */,
			);
			name = "Embed App Extensions";
			runOnlyForDeploymentPostprocessing = 0;
		};
		E7865E1A1C7C44FB00B88FD5 /* Embed Watch Content */ = {
			isa = PBXCopyFilesBuildPhase;
			buildActionMask = 2147483647;
			dstPath = "$(CONTENTS_FOLDER_PATH)/Watch";
			dstSubfolderSpec = 16;
			files = (
				E7865DF71C7C44FB00B88FD5 /* WatchKitUtils WatchKit App.app in Embed Watch Content */,
			);
			name = "Embed Watch Content";
			runOnlyForDeploymentPostprocessing = 0;
		};
/* End PBXCopyFilesBuildPhase section */

/* Begin PBXFileReference section */
		E72278301C7D7D3700E37AB1 /* TableViewController.swift */ = {isa = PBXFileReference; fileEncoding = 4; lastKnownFileType = sourcecode.swift; path = TableViewController.swift; sourceTree = "<group>"; };
		E72278341C7D86EC00E37AB1 /* DataTransfer.swift */ = {isa = PBXFileReference; fileEncoding = 4; lastKnownFileType = sourcecode.swift; path = DataTransfer.swift; sourceTree = "<group>"; };
		E738CC231C8683680011DD33 /* WatchKitUtils.entitlements */ = {isa = PBXFileReference; lastKnownFileType = text.xml; path = WatchKitUtils.entitlements; sourceTree = "<group>"; };
		E738CC241C8683810011DD33 /* WatchKitUtils WatchKit App.entitlements */ = {isa = PBXFileReference; lastKnownFileType = text.xml; path = "WatchKitUtils WatchKit App.entitlements"; sourceTree = "<group>"; };
		E738CC251C86838D0011DD33 /* WatchKitUtils WatchKit Extension.entitlements */ = {isa = PBXFileReference; lastKnownFileType = text.xml; path = "WatchKitUtils WatchKit Extension.entitlements"; sourceTree = "<group>"; };
		E7865DE41C7C44FB00B88FD5 /* WatchKitUtils.app */ = {isa = PBXFileReference; explicitFileType = wrapper.application; includeInIndex = 0; path = WatchKitUtils.app; sourceTree = BUILT_PRODUCTS_DIR; };
		E7865DE71C7C44FB00B88FD5 /* AppDelegate.swift */ = {isa = PBXFileReference; lastKnownFileType = sourcecode.swift; path = AppDelegate.swift; sourceTree = "<group>"; };
		E7865DE91C7C44FB00B88FD5 /* ViewController.swift */ = {isa = PBXFileReference; lastKnownFileType = sourcecode.swift; path = ViewController.swift; sourceTree = "<group>"; };
		E7865DEC1C7C44FB00B88FD5 /* Base */ = {isa = PBXFileReference; lastKnownFileType = file.storyboard; name = Base; path = Base.lproj/Main.storyboard; sourceTree = "<group>"; };
		E7865DEE1C7C44FB00B88FD5 /* Assets.xcassets */ = {isa = PBXFileReference; lastKnownFileType = folder.assetcatalog; path = Assets.xcassets; sourceTree = "<group>"; };
		E7865DF11C7C44FB00B88FD5 /* Base */ = {isa = PBXFileReference; lastKnownFileType = file.storyboard; name = Base; path = Base.lproj/LaunchScreen.storyboard; sourceTree = "<group>"; };
		E7865DF31C7C44FB00B88FD5 /* Info.plist */ = {isa = PBXFileReference; lastKnownFileType = text.plist.xml; path = Info.plist; sourceTree = "<group>"; };
		E7865DF61C7C44FB00B88FD5 /* WatchKitUtils WatchKit App.app */ = {isa = PBXFileReference; explicitFileType = wrapper.application; includeInIndex = 0; path = "WatchKitUtils WatchKit App.app"; sourceTree = BUILT_PRODUCTS_DIR; };
		E7865DFC1C7C44FB00B88FD5 /* Base */ = {isa = PBXFileReference; lastKnownFileType = file.storyboard; name = Base; path = Base.lproj/Interface.storyboard; sourceTree = "<group>"; };
		E7865DFE1C7C44FB00B88FD5 /* Assets.xcassets */ = {isa = PBXFileReference; lastKnownFileType = folder.assetcatalog; path = Assets.xcassets; sourceTree = "<group>"; };
		E7865E001C7C44FB00B88FD5 /* Info.plist */ = {isa = PBXFileReference; lastKnownFileType = text.plist.xml; path = Info.plist; sourceTree = "<group>"; };
		E7865E051C7C44FB00B88FD5 /* WatchKitUtils WatchKit Extension.appex */ = {isa = PBXFileReference; explicitFileType = "wrapper.app-extension"; includeInIndex = 0; path = "WatchKitUtils WatchKit Extension.appex"; sourceTree = BUILT_PRODUCTS_DIR; };
		E7865E0A1C7C44FB00B88FD5 /* InterfaceController.swift */ = {isa = PBXFileReference; lastKnownFileType = sourcecode.swift; path = InterfaceController.swift; sourceTree = "<group>"; };
		E7865E0C1C7C44FB00B88FD5 /* ExtensionDelegate.swift */ = {isa = PBXFileReference; lastKnownFileType = sourcecode.swift; path = ExtensionDelegate.swift; sourceTree = "<group>"; };
		E7865E0E1C7C44FB00B88FD5 /* Assets.xcassets */ = {isa = PBXFileReference; lastKnownFileType = folder.assetcatalog; path = Assets.xcassets; sourceTree = "<group>"; };
		E7865E101C7C44FB00B88FD5 /* Info.plist */ = {isa = PBXFileReference; lastKnownFileType = text.plist.xml; path = Info.plist; sourceTree = "<group>"; };
		E7865E1E1C7C47FC00B88FD5 /* Connection.swift */ = {isa = PBXFileReference; fileEncoding = 4; lastKnownFileType = sourcecode.swift; path = Connection.swift; sourceTree = "<group>"; };
		E7AF92CE1C86914C00CD8A30 /* README.md */ = {isa = PBXFileReference; fileEncoding = 4; lastKnownFileType = net.daringfireball.markdown; name = README.md; path = ../README.md; sourceTree = "<group>"; };
/* End PBXFileReference section */

/* Begin PBXFrameworksBuildPhase section */
		E7865DE11C7C44FB00B88FD5 /* Frameworks */ = {
			isa = PBXFrameworksBuildPhase;
			buildActionMask = 2147483647;
			files = (
			);
			runOnlyForDeploymentPostprocessing = 0;
		};
		E7865E021C7C44FB00B88FD5 /* Frameworks */ = {
			isa = PBXFrameworksBuildPhase;
			buildActionMask = 2147483647;
			files = (
			);
			runOnlyForDeploymentPostprocessing = 0;
		};
/* End PBXFrameworksBuildPhase section */

/* Begin PBXGroup section */
		E7865DDB1C7C44FB00B88FD5 = {
			isa = PBXGroup;
			children = (
				E7AF92CE1C86914C00CD8A30 /* README.md */,
				E72278341C7D86EC00E37AB1 /* DataTransfer.swift */,
				E7865E1E1C7C47FC00B88FD5 /* Connection.swift */,
				E7865DE61C7C44FB00B88FD5 /* WatchKitUtils */,
				E7865DFA1C7C44FB00B88FD5 /* WatchKitUtils WatchKit App */,
				E7865E091C7C44FB00B88FD5 /* WatchKitUtils WatchKit Extension */,
				E7865DE51C7C44FB00B88FD5 /* Products */,
			);
			sourceTree = "<group>";
		};
		E7865DE51C7C44FB00B88FD5 /* Products */ = {
			isa = PBXGroup;
			children = (
				E7865DE41C7C44FB00B88FD5 /* WatchKitUtils.app */,
				E7865DF61C7C44FB00B88FD5 /* WatchKitUtils WatchKit App.app */,
				E7865E051C7C44FB00B88FD5 /* WatchKitUtils WatchKit Extension.appex */,
			);
			name = Products;
			sourceTree = "<group>";
		};
		E7865DE61C7C44FB00B88FD5 /* WatchKitUtils */ = {
			isa = PBXGroup;
			children = (
				E738CC231C8683680011DD33 /* WatchKitUtils.entitlements */,
				E7865DE71C7C44FB00B88FD5 /* AppDelegate.swift */,
				E7865DE91C7C44FB00B88FD5 /* ViewController.swift */,
				E72278301C7D7D3700E37AB1 /* TableViewController.swift */,
				E7865DEB1C7C44FB00B88FD5 /* Main.storyboard */,
				E7865DEE1C7C44FB00B88FD5 /* Assets.xcassets */,
				E7865DF01C7C44FB00B88FD5 /* LaunchScreen.storyboard */,
				E7865DF31C7C44FB00B88FD5 /* Info.plist */,
			);
			path = WatchKitUtils;
			sourceTree = "<group>";
		};
		E7865DFA1C7C44FB00B88FD5 /* WatchKitUtils WatchKit App */ = {
			isa = PBXGroup;
			children = (
				E738CC241C8683810011DD33 /* WatchKitUtils WatchKit App.entitlements */,
				E7865DFB1C7C44FB00B88FD5 /* Interface.storyboard */,
				E7865DFE1C7C44FB00B88FD5 /* Assets.xcassets */,
				E7865E001C7C44FB00B88FD5 /* Info.plist */,
			);
			path = "WatchKitUtils WatchKit App";
			sourceTree = "<group>";
		};
		E7865E091C7C44FB00B88FD5 /* WatchKitUtils WatchKit Extension */ = {
			isa = PBXGroup;
			children = (
				E738CC251C86838D0011DD33 /* WatchKitUtils WatchKit Extension.entitlements */,
				E7865E0A1C7C44FB00B88FD5 /* InterfaceController.swift */,
				E7865E0C1C7C44FB00B88FD5 /* ExtensionDelegate.swift */,
				E7865E0E1C7C44FB00B88FD5 /* Assets.xcassets */,
				E7865E101C7C44FB00B88FD5 /* Info.plist */,
			);
			path = "WatchKitUtils WatchKit Extension";
			sourceTree = "<group>";
		};
/* End PBXGroup section */

/* Begin PBXNativeTarget section */
		E7865DE31C7C44FB00B88FD5 /* WatchKitUtils */ = {
			isa = PBXNativeTarget;
			buildConfigurationList = E7865E1B1C7C44FB00B88FD5 /* Build configuration list for PBXNativeTarget "WatchKitUtils" */;
			buildPhases = (
				E7865DE01C7C44FB00B88FD5 /* Sources */,
				E7865DE11C7C44FB00B88FD5 /* Frameworks */,
				E7865DE21C7C44FB00B88FD5 /* Resources */,
				E7865E1A1C7C44FB00B88FD5 /* Embed Watch Content */,
			);
			buildRules = (
			);
			dependencies = (
				E7865DF91C7C44FB00B88FD5 /* PBXTargetDependency */,
			);
			name = WatchKitUtils;
			productName = WatchKitUtils;
			productReference = E7865DE41C7C44FB00B88FD5 /* WatchKitUtils.app */;
			productType = "com.apple.product-type.application";
		};
		E7865DF51C7C44FB00B88FD5 /* WatchKitUtils WatchKit App */ = {
			isa = PBXNativeTarget;
			buildConfigurationList = E7865E171C7C44FB00B88FD5 /* Build configuration list for PBXNativeTarget "WatchKitUtils WatchKit App" */;
			buildPhases = (
				E7865DF41C7C44FB00B88FD5 /* Resources */,
				E7865E161C7C44FB00B88FD5 /* Embed App Extensions */,
			);
			buildRules = (
			);
			dependencies = (
				E7865E081C7C44FB00B88FD5 /* PBXTargetDependency */,
			);
			name = "WatchKitUtils WatchKit App";
			productName = "WatchKitUtils WatchKit App";
			productReference = E7865DF61C7C44FB00B88FD5 /* WatchKitUtils WatchKit App.app */;
			productType = "com.apple.product-type.application.watchapp2";
		};
		E7865E041C7C44FB00B88FD5 /* WatchKitUtils WatchKit Extension */ = {
			isa = PBXNativeTarget;
			buildConfigurationList = E7865E131C7C44FB00B88FD5 /* Build configuration list for PBXNativeTarget "WatchKitUtils WatchKit Extension" */;
			buildPhases = (
				E7865E011C7C44FB00B88FD5 /* Sources */,
				E7865E021C7C44FB00B88FD5 /* Frameworks */,
				E7865E031C7C44FB00B88FD5 /* Resources */,
			);
			buildRules = (
			);
			dependencies = (
			);
			name = "WatchKitUtils WatchKit Extension";
			productName = "WatchKitUtils WatchKit Extension";
			productReference = E7865E051C7C44FB00B88FD5 /* WatchKitUtils WatchKit Extension.appex */;
			productType = "com.apple.product-type.watchkit2-extension";
		};
/* End PBXNativeTarget section */

/* Begin PBXProject section */
		E7865DDC1C7C44FB00B88FD5 /* Project object */ = {
			isa = PBXProject;
			attributes = {
				LastSwiftUpdateCheck = 0720;
				LastUpgradeCheck = 0720;
				ORGANIZATIONNAME = "Minh Nguyen";
				TargetAttributes = {
					E7865DE31C7C44FB00B88FD5 = {
						CreatedOnToolsVersion = 7.2;
						DevelopmentTeam = WXTYN99SPJ;
						SystemCapabilities = {
							com.apple.ApplicationGroups.iOS = {
								enabled = 0;
							};
						};
					};
					E7865DF51C7C44FB00B88FD5 = {
						CreatedOnToolsVersion = 7.2;
						DevelopmentTeam = WXTYN99SPJ;
						SystemCapabilities = {
							com.apple.ApplicationGroups.iOS = {
								enabled = 0;
							};
						};
					};
					E7865E041C7C44FB00B88FD5 = {
						CreatedOnToolsVersion = 7.2;
						DevelopmentTeam = WXTYN99SPJ;
						SystemCapabilities = {
							com.apple.ApplicationGroups.iOS = {
								enabled = 0;
							};
						};
					};
				};
			};
			buildConfigurationList = E7865DDF1C7C44FB00B88FD5 /* Build configuration list for PBXProject "WatchKitUtils" */;
			compatibilityVersion = "Xcode 3.2";
			developmentRegion = English;
			hasScannedForEncodings = 0;
			knownRegions = (
				en,
				Base,
			);
			mainGroup = E7865DDB1C7C44FB00B88FD5;
			productRefGroup = E7865DE51C7C44FB00B88FD5 /* Products */;
			projectDirPath = "";
			projectRoot = "";
			targets = (
				E7865DE31C7C44FB00B88FD5 /* WatchKitUtils */,
				E7865DF51C7C44FB00B88FD5 /* WatchKitUtils WatchKit App */,
				E7865E041C7C44FB00B88FD5 /* WatchKitUtils WatchKit Extension */,
			);
		};
/* End PBXProject section */

/* Begin PBXResourcesBuildPhase section */
		E7865DE21C7C44FB00B88FD5 /* Resources */ = {
			isa = PBXResourcesBuildPhase;
			buildActionMask = 2147483647;
			files = (
				E7865DF21C7C44FB00B88FD5 /* LaunchScreen.storyboard in Resources */,
				E7865DEF1C7C44FB00B88FD5 /* Assets.xcassets in Resources */,
				E7865DED1C7C44FB00B88FD5 /* Main.storyboard in Resources */,
			);
			runOnlyForDeploymentPostprocessing = 0;
		};
		E7865DF41C7C44FB00B88FD5 /* Resources */ = {
			isa = PBXResourcesBuildPhase;
			buildActionMask = 2147483647;
			files = (
				E7865DFF1C7C44FB00B88FD5 /* Assets.xcassets in Resources */,
				E7865DFD1C7C44FB00B88FD5 /* Interface.storyboard in Resources */,
			);
			runOnlyForDeploymentPostprocessing = 0;
		};
		E7865E031C7C44FB00B88FD5 /* Resources */ = {
			isa = PBXResourcesBuildPhase;
			buildActionMask = 2147483647;
			files = (
				E7865E0F1C7C44FB00B88FD5 /* Assets.xcassets in Resources */,
			);
			runOnlyForDeploymentPostprocessing = 0;
		};
/* End PBXResourcesBuildPhase section */

/* Begin PBXSourcesBuildPhase section */
		E7865DE01C7C44FB00B88FD5 /* Sources */ = {
			isa = PBXSourcesBuildPhase;
			buildActionMask = 2147483647;
			files = (
				E7AF92CF1C86914C00CD8A30 /* README.md in Sources */,
				E7865DEA1C7C44FB00B88FD5 /* ViewController.swift in Sources */,
				E72278351C7D86EC00E37AB1 /* DataTransfer.swift in Sources */,
				E72278311C7D7D3700E37AB1 /* TableViewController.swift in Sources */,
				E7865E1F1C7C47FC00B88FD5 /* Connection.swift in Sources */,
				E7865DE81C7C44FB00B88FD5 /* AppDelegate.swift in Sources */,
			);
			runOnlyForDeploymentPostprocessing = 0;
		};
		E7865E011C7C44FB00B88FD5 /* Sources */ = {
			isa = PBXSourcesBuildPhase;
			buildActionMask = 2147483647;
			files = (
				E72278361C7D86EC00E37AB1 /* DataTransfer.swift in Sources */,
				E7865E0D1C7C44FB00B88FD5 /* ExtensionDelegate.swift in Sources */,
				E7865E0B1C7C44FB00B88FD5 /* InterfaceController.swift in Sources */,
				E738CC221C8680930011DD33 /* Connection.swift in Sources */,
			);
			runOnlyForDeploymentPostprocessing = 0;
		};
/* End PBXSourcesBuildPhase section */

/* Begin PBXTargetDependency section */
		E7865DF91C7C44FB00B88FD5 /* PBXTargetDependency */ = {
			isa = PBXTargetDependency;
			target = E7865DF51C7C44FB00B88FD5 /* WatchKitUtils WatchKit App */;
			targetProxy = E7865DF81C7C44FB00B88FD5 /* PBXContainerItemProxy */;
		};
		E7865E081C7C44FB00B88FD5 /* PBXTargetDependency */ = {
			isa = PBXTargetDependency;
			target = E7865E041C7C44FB00B88FD5 /* WatchKitUtils WatchKit Extension */;
			targetProxy = E7865E071C7C44FB00B88FD5 /* PBXContainerItemProxy */;
		};
/* End PBXTargetDependency section */

/* Begin PBXVariantGroup section */
		E7865DEB1C7C44FB00B88FD5 /* Main.storyboard */ = {
			isa = PBXVariantGroup;
			children = (
				E7865DEC1C7C44FB00B88FD5 /* Base */,
			);
			name = Main.storyboard;
			sourceTree = "<group>";
		};
		E7865DF01C7C44FB00B88FD5 /* LaunchScreen.storyboard */ = {
			isa = PBXVariantGroup;
			children = (
				E7865DF11C7C44FB00B88FD5 /* Base */,
			);
			name = LaunchScreen.storyboard;
			sourceTree = "<group>";
		};
		E7865DFB1C7C44FB00B88FD5 /* Interface.storyboard */ = {
			isa = PBXVariantGroup;
			children = (
				E7865DFC1C7C44FB00B88FD5 /* Base */,
			);
			name = Interface.storyboard;
			sourceTree = "<group>";
		};
/* End PBXVariantGroup section */

/* Begin XCBuildConfiguration section */
		E7865E111C7C44FB00B88FD5 /* Debug */ = {
			isa = XCBuildConfiguration;
			buildSettings = {
				ALWAYS_SEARCH_USER_PATHS = NO;
				CLANG_CXX_LANGUAGE_STANDARD = "gnu++0x";
				CLANG_CXX_LIBRARY = "libc++";
				CLANG_ENABLE_MODULES = YES;
				CLANG_ENABLE_OBJC_ARC = YES;
				CLANG_WARN_BOOL_CONVERSION = YES;
				CLANG_WARN_CONSTANT_CONVERSION = YES;
				CLANG_WARN_DIRECT_OBJC_ISA_USAGE = YES_ERROR;
				CLANG_WARN_EMPTY_BODY = YES;
				CLANG_WARN_ENUM_CONVERSION = YES;
				CLANG_WARN_INT_CONVERSION = YES;
				CLANG_WARN_OBJC_ROOT_CLASS = YES_ERROR;
				CLANG_WARN_UNREACHABLE_CODE = YES;
				CLANG_WARN__DUPLICATE_METHOD_MATCH = YES;
				"CODE_SIGN_IDENTITY[sdk=iphoneos*]" = "iPhone Developer";
				COPY_PHASE_STRIP = NO;
				DEBUG_INFORMATION_FORMAT = dwarf;
				ENABLE_STRICT_OBJC_MSGSEND = YES;
				ENABLE_TESTABILITY = YES;
				GCC_C_LANGUAGE_STANDARD = gnu99;
				GCC_DYNAMIC_NO_PIC = NO;
				GCC_NO_COMMON_BLOCKS = YES;
				GCC_OPTIMIZATION_LEVEL = 0;
				GCC_PREPROCESSOR_DEFINITIONS = (
					"DEBUG=1",
					"$(inherited)",
				);
				GCC_WARN_64_TO_32_BIT_CONVERSION = YES;
				GCC_WARN_ABOUT_RETURN_TYPE = YES_ERROR;
				GCC_WARN_UNDECLARED_SELECTOR = YES;
				GCC_WARN_UNINITIALIZED_AUTOS = YES_AGGRESSIVE;
				GCC_WARN_UNUSED_FUNCTION = YES;
				GCC_WARN_UNUSED_VARIABLE = YES;
				IPHONEOS_DEPLOYMENT_TARGET = 9.2;
				MTL_ENABLE_DEBUG_INFO = YES;
				ONLY_ACTIVE_ARCH = YES;
				SDKROOT = iphoneos;
				SWIFT_OPTIMIZATION_LEVEL = "-Onone";
			};
			name = Debug;
		};
		E7865E121C7C44FB00B88FD5 /* Release */ = {
			isa = XCBuildConfiguration;
			buildSettings = {
				ALWAYS_SEARCH_USER_PATHS = NO;
				CLANG_CXX_LANGUAGE_STANDARD = "gnu++0x";
				CLANG_CXX_LIBRARY = "libc++";
				CLANG_ENABLE_MODULES = YES;
				CLANG_ENABLE_OBJC_ARC = YES;
				CLANG_WARN_BOOL_CONVERSION = YES;
				CLANG_WARN_CONSTANT_CONVERSION = YES;
				CLANG_WARN_DIRECT_OBJC_ISA_USAGE = YES_ERROR;
				CLANG_WARN_EMPTY_BODY = YES;
				CLANG_WARN_ENUM_CONVERSION = YES;
				CLANG_WARN_INT_CONVERSION = YES;
				CLANG_WARN_OBJC_ROOT_CLASS = YES_ERROR;
				CLANG_WARN_UNREACHABLE_CODE = YES;
				CLANG_WARN__DUPLICATE_METHOD_MATCH = YES;
				"CODE_SIGN_IDENTITY[sdk=iphoneos*]" = "iPhone Developer";
				COPY_PHASE_STRIP = NO;
				DEBUG_INFORMATION_FORMAT = "dwarf-with-dsym";
				ENABLE_NS_ASSERTIONS = NO;
				ENABLE_STRICT_OBJC_MSGSEND = YES;
				GCC_C_LANGUAGE_STANDARD = gnu99;
				GCC_NO_COMMON_BLOCKS = YES;
				GCC_WARN_64_TO_32_BIT_CONVERSION = YES;
				GCC_WARN_ABOUT_RETURN_TYPE = YES_ERROR;
				GCC_WARN_UNDECLARED_SELECTOR = YES;
				GCC_WARN_UNINITIALIZED_AUTOS = YES_AGGRESSIVE;
				GCC_WARN_UNUSED_FUNCTION = YES;
				GCC_WARN_UNUSED_VARIABLE = YES;
				IPHONEOS_DEPLOYMENT_TARGET = 9.2;
				MTL_ENABLE_DEBUG_INFO = NO;
				SDKROOT = iphoneos;
				VALIDATE_PRODUCT = YES;
			};
			name = Release;
		};
		E7865E141C7C44FB00B88FD5 /* Debug */ = {
			isa = XCBuildConfiguration;
			buildSettings = {
				CODE_SIGN_ENTITLEMENTS = "WatchKitUtils WatchKit Extension/WatchKitUtils WatchKit Extension.entitlements";
				CODE_SIGN_IDENTITY = "";
				"CODE_SIGN_IDENTITY[sdk=watchos*]" = "";
				INFOPLIST_FILE = "WatchKitUtils WatchKit Extension/Info.plist";
				LD_RUNPATH_SEARCH_PATHS = "$(inherited) @executable_path/Frameworks @executable_path/../../Frameworks";
				PRODUCT_BUNDLE_IDENTIFIER = non.com.vn.WatchKitUtils.watchkitapp.watchkitextension;
				PRODUCT_NAME = "${TARGET_NAME}";
				PROVISIONING_PROFILE = "";
				SDKROOT = watchos;
				SKIP_INSTALL = YES;
				TARGETED_DEVICE_FAMILY = 4;
				WATCHOS_DEPLOYMENT_TARGET = 2.1;
			};
			name = Debug;
		};
		E7865E151C7C44FB00B88FD5 /* Release */ = {
			isa = XCBuildConfiguration;
			buildSettings = {
				CODE_SIGN_ENTITLEMENTS = "WatchKitUtils WatchKit Extension/WatchKitUtils WatchKit Extension.entitlements";
				CODE_SIGN_IDENTITY = "";
				"CODE_SIGN_IDENTITY[sdk=watchos*]" = "";
				INFOPLIST_FILE = "WatchKitUtils WatchKit Extension/Info.plist";
				LD_RUNPATH_SEARCH_PATHS = "$(inherited) @executable_path/Frameworks @executable_path/../../Frameworks";
				PRODUCT_BUNDLE_IDENTIFIER = non.com.vn.WatchKitUtils.watchkitapp.watchkitextension;
				PRODUCT_NAME = "${TARGET_NAME}";
				PROVISIONING_PROFILE = "";
				SDKROOT = watchos;
				SKIP_INSTALL = YES;
				TARGETED_DEVICE_FAMILY = 4;
				WATCHOS_DEPLOYMENT_TARGET = 2.1;
			};
			name = Release;
		};
		E7865E181C7C44FB00B88FD5 /* Debug */ = {
			isa = XCBuildConfiguration;
			buildSettings = {
				ASSETCATALOG_COMPILER_APPICON_NAME = AppIcon;
				CODE_SIGN_ENTITLEMENTS = "WatchKitUtils WatchKit App/WatchKitUtils WatchKit App.entitlements";
				CODE_SIGN_IDENTITY = "";
				"CODE_SIGN_IDENTITY[sdk=watchos*]" = "";
				EMBEDDED_CONTENT_CONTAINS_SWIFT = YES;
				IBSC_MODULE = WatchKitUtils_WatchKit_Extension;
				INFOPLIST_FILE = "WatchKitUtils WatchKit App/Info.plist";
				PRODUCT_BUNDLE_IDENTIFIER = non.com.vn.WatchKitUtils.watchkitapp;
				PRODUCT_NAME = "$(TARGET_NAME)";
				PROVISIONING_PROFILE = "";
				SDKROOT = watchos;
				SKIP_INSTALL = YES;
				TARGETED_DEVICE_FAMILY = 4;
				WATCHOS_DEPLOYMENT_TARGET = 2.1;
			};
			name = Debug;
		};
		E7865E191C7C44FB00B88FD5 /* Release */ = {
			isa = XCBuildConfiguration;
			buildSettings = {
				ASSETCATALOG_COMPILER_APPICON_NAME = AppIcon;
				CODE_SIGN_ENTITLEMENTS = "WatchKitUtils WatchKit App/WatchKitUtils WatchKit App.entitlements";
				CODE_SIGN_IDENTITY = "";
				"CODE_SIGN_IDENTITY[sdk=watchos*]" = "";
				EMBEDDED_CONTENT_CONTAINS_SWIFT = YES;
				IBSC_MODULE = WatchKitUtils_WatchKit_Extension;
				INFOPLIST_FILE = "WatchKitUtils WatchKit App/Info.plist";
				PRODUCT_BUNDLE_IDENTIFIER = non.com.vn.WatchKitUtils.watchkitapp;
				PRODUCT_NAME = "$(TARGET_NAME)";
				PROVISIONING_PROFILE = "";
				SDKROOT = watchos;
				SKIP_INSTALL = YES;
				TARGETED_DEVICE_FAMILY = 4;
				WATCHOS_DEPLOYMENT_TARGET = 2.1;
			};
			name = Release;
		};
		E7865E1C1C7C44FB00B88FD5 /* Debug */ = {
			isa = XCBuildConfiguration;
			buildSettings = {
				ASSETCATALOG_COMPILER_APPICON_NAME = AppIcon;
				ASSETCATALOG_COMPILER_LAUNCHIMAGE_NAME = "Brand Assets";
				CODE_SIGN_ENTITLEMENTS = WatchKitUtils/WatchKitUtils.entitlements;
				CODE_SIGN_IDENTITY = "";
				"CODE_SIGN_IDENTITY[sdk=iphoneos*]" = "";
				INFOPLIST_FILE = WatchKitUtils/Info.plist;
				IPHONEOS_DEPLOYMENT_TARGET = 9.0;
				LD_RUNPATH_SEARCH_PATHS = "$(inherited) @executable_path/Frameworks";
				PRODUCT_BUNDLE_IDENTIFIER = non.com.vn.WatchKitUtils;
				PRODUCT_NAME = "$(TARGET_NAME)";
				PROVISIONING_PROFILE = "";
			};
			name = Debug;
		};
		E7865E1D1C7C44FB00B88FD5 /* Release */ = {
			isa = XCBuildConfiguration;
			buildSettings = {
				ASSETCATALOG_COMPILER_APPICON_NAME = AppIcon;
				ASSETCATALOG_COMPILER_LAUNCHIMAGE_NAME = "Brand Assets";
				CODE_SIGN_ENTITLEMENTS = WatchKitUtils/WatchKitUtils.entitlements;
				CODE_SIGN_IDENTITY = "";
				"CODE_SIGN_IDENTITY[sdk=iphoneos*]" = "";
				INFOPLIST_FILE = WatchKitUtils/Info.plist;
				IPHONEOS_DEPLOYMENT_TARGET = 9.0;
				LD_RUNPATH_SEARCH_PATHS = "$(inherited) @executable_path/Frameworks";
				PRODUCT_BUNDLE_IDENTIFIER = non.com.vn.WatchKitUtils;
				PRODUCT_NAME = "$(TARGET_NAME)";
				PROVISIONING_PROFILE = "";
			};
			name = Release;
		};
/* End XCBuildConfiguration section */

/* Begin XCConfigurationList section */
		E7865DDF1C7C44FB00B88FD5 /* Build configuration list for PBXProject "WatchKitUtils" */ = {
			isa = XCConfigurationList;
			buildConfigurations = (
				E7865E111C7C44FB00B88FD5 /* Debug */,
				E7865E121C7C44FB00B88FD5 /* Release */,
			);
			defaultConfigurationIsVisible = 0;
			defaultConfigurationName = Release;
		};
		E7865E131C7C44FB00B88FD5 /* Build configuration list for PBXNativeTarget "WatchKitUtils WatchKit Extension" */ = {
			isa = XCConfigurationList;
			buildConfigurations = (
				E7865E141C7C44FB00B88FD5 /* Debug */,
				E7865E151C7C44FB00B88FD5 /* Release */,
			);
			defaultConfigurationIsVisible = 0;
			defaultConfigurationName = Release;
		};
		E7865E171C7C44FB00B88FD5 /* Build configuration list for PBXNativeTarget "WatchKitUtils WatchKit App" */ = {
			isa = XCConfigurationList;
			buildConfigurations = (
				E7865E181C7C44FB00B88FD5 /* Debug */,
				E7865E191C7C44FB00B88FD5 /* Release */,
			);
			defaultConfigurationIsVisible = 0;
			defaultConfigurationName = Release;
		};
		E7865E1B1C7C44FB00B88FD5 /* Build configuration list for PBXNativeTarget "WatchKitUtils" */ = {
			isa = XCConfigurationList;
			buildConfigurations = (
				E7865E1C1C7C44FB00B88FD5 /* Debug */,
				E7865E1D1C7C44FB00B88FD5 /* Release */,
			);
			defaultConfigurationIsVisible = 0;
			defaultConfigurationName = Release;
		};
/* End XCConfigurationList section */
	};
	rootObject = E7865DDC1C7C44FB00B88FD5 /* Project object */;
}
